// !$*UTF8*$!
{
	archiveVersion = 1;
	classes = {
	};
	objectVersion = 46;
	objects = {

/* Begin PBXBuildFile section */
		C01F96141C5AC3E300F232AC /* SwiftyRSAObjcTests.m in Sources */ = {isa = PBXBuildFile; fileRef = C01F96131C5AC3E300F232AC /* SwiftyRSAObjcTests.m */; };
		C03D827C1B45E649008711CF /* SwiftyRSA.h in Headers */ = {isa = PBXBuildFile; fileRef = C03D827B1B45E649008711CF /* SwiftyRSA.h */; settings = {ATTRIBUTES = (Public, ); }; };
		C03D82821B45E649008711CF /* SwiftyRSA.framework in Frameworks */ = {isa = PBXBuildFile; fileRef = C03D82761B45E649008711CF /* SwiftyRSA.framework */; };
		C03D82891B45E649008711CF /* SwiftyRSATests.swift in Sources */ = {isa = PBXBuildFile; fileRef = C03D82881B45E649008711CF /* SwiftyRSATests.swift */; };
		C03D82931B45E663008711CF /* SwiftyRSA.swift in Sources */ = {isa = PBXBuildFile; fileRef = C03D82921B45E663008711CF /* SwiftyRSA.swift */; };
		C03D82991B45E886008711CF /* swiftyrsa-private.pem in Resources */ = {isa = PBXBuildFile; fileRef = C03D82961B45E886008711CF /* swiftyrsa-private.pem */; };
		C03D829A1B45E886008711CF /* swiftyrsa-public.der in Resources */ = {isa = PBXBuildFile; fileRef = C03D82971B45E886008711CF /* swiftyrsa-public.der */; };
		C03D829B1B45E886008711CF /* swiftyrsa-public.pem in Resources */ = {isa = PBXBuildFile; fileRef = C03D82981B45E886008711CF /* swiftyrsa-public.pem */; };
		C0646A481CAF29E000587FF1 /* swiftyrsa-private-headerless.pem in Resources */ = {isa = PBXBuildFile; fileRef = C0646A461CAF29E000587FF1 /* swiftyrsa-private-headerless.pem */; };
		C0646A491CAF29E000587FF1 /* swiftyrsa-public-headerless.pem in Resources */ = {isa = PBXBuildFile; fileRef = C0646A471CAF29E000587FF1 /* swiftyrsa-public-headerless.pem */; };
		C0646A4B1CAF5A3D00587FF1 /* TestUtils.swift in Sources */ = {isa = PBXBuildFile; fileRef = C0646A4A1CAF5A3D00587FF1 /* TestUtils.swift */; };
/* End PBXBuildFile section */

/* Begin PBXContainerItemProxy section */
		C03D82831B45E649008711CF /* PBXContainerItemProxy */ = {
			isa = PBXContainerItemProxy;
			containerPortal = C03D826D1B45E649008711CF /* Project object */;
			proxyType = 1;
			remoteGlobalIDString = C03D82751B45E649008711CF;
			remoteInfo = SwiftyRSA;
		};
/* End PBXContainerItemProxy section */

/* Begin PBXFileReference section */
		C01F96131C5AC3E300F232AC /* SwiftyRSAObjcTests.m */ = {isa = PBXFileReference; fileEncoding = 4; lastKnownFileType = sourcecode.c.objc; path = SwiftyRSAObjcTests.m; sourceTree = "<group>"; };
		C03D82761B45E649008711CF /* SwiftyRSA.framework */ = {isa = PBXFileReference; explicitFileType = wrapper.framework; includeInIndex = 0; path = SwiftyRSA.framework; sourceTree = BUILT_PRODUCTS_DIR; };
		C03D827A1B45E649008711CF /* Info.plist */ = {isa = PBXFileReference; lastKnownFileType = text.plist.xml; path = Info.plist; sourceTree = "<group>"; };
		C03D827B1B45E649008711CF /* SwiftyRSA.h */ = {isa = PBXFileReference; lastKnownFileType = sourcecode.c.h; path = SwiftyRSA.h; sourceTree = "<group>"; };
		C03D82811B45E649008711CF /* SwiftyRSATests.xctest */ = {isa = PBXFileReference; explicitFileType = wrapper.cfbundle; includeInIndex = 0; path = SwiftyRSATests.xctest; sourceTree = BUILT_PRODUCTS_DIR; };
		C03D82871B45E649008711CF /* Info.plist */ = {isa = PBXFileReference; lastKnownFileType = text.plist.xml; path = Info.plist; sourceTree = "<group>"; };
		C03D82881B45E649008711CF /* SwiftyRSATests.swift */ = {isa = PBXFileReference; lastKnownFileType = sourcecode.swift; path = SwiftyRSATests.swift; sourceTree = "<group>"; };
		C03D82921B45E663008711CF /* SwiftyRSA.swift */ = {isa = PBXFileReference; fileEncoding = 4; lastKnownFileType = sourcecode.swift; path = SwiftyRSA.swift; sourceTree = "<group>"; };
		C03D82961B45E886008711CF /* swiftyrsa-private.pem */ = {isa = PBXFileReference; fileEncoding = 4; lastKnownFileType = text; path = "swiftyrsa-private.pem"; sourceTree = "<group>"; };
		C03D82971B45E886008711CF /* swiftyrsa-public.der */ = {isa = PBXFileReference; lastKnownFileType = file; path = "swiftyrsa-public.der"; sourceTree = "<group>"; };
		C03D82981B45E886008711CF /* swiftyrsa-public.pem */ = {isa = PBXFileReference; fileEncoding = 4; lastKnownFileType = text; path = "swiftyrsa-public.pem"; sourceTree = "<group>"; };
		C0646A461CAF29E000587FF1 /* swiftyrsa-private-headerless.pem */ = {isa = PBXFileReference; fileEncoding = 4; lastKnownFileType = text; path = "swiftyrsa-private-headerless.pem"; sourceTree = "<group>"; };
		C0646A471CAF29E000587FF1 /* swiftyrsa-public-headerless.pem */ = {isa = PBXFileReference; fileEncoding = 4; lastKnownFileType = text; path = "swiftyrsa-public-headerless.pem"; sourceTree = "<group>"; };
		C0646A4A1CAF5A3D00587FF1 /* TestUtils.swift */ = {isa = PBXFileReference; fileEncoding = 4; lastKnownFileType = sourcecode.swift; path = TestUtils.swift; sourceTree = "<group>"; };
/* End PBXFileReference section */

/* Begin PBXFrameworksBuildPhase section */
		C03D82721B45E649008711CF /* Frameworks */ = {
			isa = PBXFrameworksBuildPhase;
			buildActionMask = 2147483647;
			files = (
			);
			runOnlyForDeploymentPostprocessing = 0;
		};
		C03D827E1B45E649008711CF /* Frameworks */ = {
			isa = PBXFrameworksBuildPhase;
			buildActionMask = 2147483647;
			files = (
				C03D82821B45E649008711CF /* SwiftyRSA.framework in Frameworks */,
			);
			runOnlyForDeploymentPostprocessing = 0;
		};
/* End PBXFrameworksBuildPhase section */

/* Begin PBXGroup section */
		C03D826C1B45E649008711CF = {
			isa = PBXGroup;
			children = (
				C03D82781B45E649008711CF /* SwiftyRSA */,
				C03D82851B45E649008711CF /* SwiftyRSATests */,
				C03D82771B45E649008711CF /* Products */,
			);
			sourceTree = "<group>";
		};
		C03D82771B45E649008711CF /* Products */ = {
			isa = PBXGroup;
			children = (
				C03D82761B45E649008711CF /* SwiftyRSA.framework */,
				C03D82811B45E649008711CF /* SwiftyRSATests.xctest */,
			);
			name = Products;
			sourceTree = "<group>";
		};
		C03D82781B45E649008711CF /* SwiftyRSA */ = {
			isa = PBXGroup;
			children = (
				C03D827B1B45E649008711CF /* SwiftyRSA.h */,
				C03D82921B45E663008711CF /* SwiftyRSA.swift */,
				C03D82791B45E649008711CF /* Supporting Files */,
			);
			path = SwiftyRSA;
			sourceTree = "<group>";
		};
		C03D82791B45E649008711CF /* Supporting Files */ = {
			isa = PBXGroup;
			children = (
				C03D827A1B45E649008711CF /* Info.plist */,
			);
			name = "Supporting Files";
			sourceTree = "<group>";
		};
		C03D82851B45E649008711CF /* SwiftyRSATests */ = {
			isa = PBXGroup;
			children = (
				C03D82951B45E886008711CF /* keys */,
				C03D82881B45E649008711CF /* SwiftyRSATests.swift */,
				C01F96131C5AC3E300F232AC /* SwiftyRSAObjcTests.m */,
				C0646A4A1CAF5A3D00587FF1 /* TestUtils.swift */,
				C03D82861B45E649008711CF /* Supporting Files */,
			);
			path = SwiftyRSATests;
			sourceTree = "<group>";
		};
		C03D82861B45E649008711CF /* Supporting Files */ = {
			isa = PBXGroup;
			children = (
				C03D82871B45E649008711CF /* Info.plist */,
			);
			name = "Supporting Files";
			sourceTree = "<group>";
		};
		C03D82951B45E886008711CF /* keys */ = {
			isa = PBXGroup;
			children = (
				C0646A461CAF29E000587FF1 /* swiftyrsa-private-headerless.pem */,
				C0646A471CAF29E000587FF1 /* swiftyrsa-public-headerless.pem */,
				C03D82961B45E886008711CF /* swiftyrsa-private.pem */,
				C03D82971B45E886008711CF /* swiftyrsa-public.der */,
				C03D82981B45E886008711CF /* swiftyrsa-public.pem */,
			);
			path = keys;
			sourceTree = "<group>";
		};
/* End PBXGroup section */

/* Begin PBXHeadersBuildPhase section */
		C03D82731B45E649008711CF /* Headers */ = {
			isa = PBXHeadersBuildPhase;
			buildActionMask = 2147483647;
			files = (
				C03D827C1B45E649008711CF /* SwiftyRSA.h in Headers */,
			);
			runOnlyForDeploymentPostprocessing = 0;
		};
/* End PBXHeadersBuildPhase section */

/* Begin PBXNativeTarget section */
		C03D82751B45E649008711CF /* SwiftyRSA */ = {
			isa = PBXNativeTarget;
			buildConfigurationList = C03D828C1B45E649008711CF /* Build configuration list for PBXNativeTarget "SwiftyRSA" */;
			buildPhases = (
				C03D82711B45E649008711CF /* Sources */,
				C03D82721B45E649008711CF /* Frameworks */,
				C03D82731B45E649008711CF /* Headers */,
				C03D82741B45E649008711CF /* Resources */,
			);
			buildRules = (
			);
			dependencies = (
			);
			name = SwiftyRSA;
			productName = SwiftyRSA;
			productReference = C03D82761B45E649008711CF /* SwiftyRSA.framework */;
			productType = "com.apple.product-type.framework";
		};
		C03D82801B45E649008711CF /* SwiftyRSATests */ = {
			isa = PBXNativeTarget;
			buildConfigurationList = C03D828F1B45E649008711CF /* Build configuration list for PBXNativeTarget "SwiftyRSATests" */;
			buildPhases = (
				C03D827D1B45E649008711CF /* Sources */,
				C03D827E1B45E649008711CF /* Frameworks */,
				C03D827F1B45E649008711CF /* Resources */,
			);
			buildRules = (
			);
			dependencies = (
				C03D82841B45E649008711CF /* PBXTargetDependency */,
			);
			name = SwiftyRSATests;
			productName = SwiftyRSATests;
			productReference = C03D82811B45E649008711CF /* SwiftyRSATests.xctest */;
			productType = "com.apple.product-type.bundle.unit-test";
		};
/* End PBXNativeTarget section */

/* Begin PBXProject section */
		C03D826D1B45E649008711CF /* Project object */ = {
			isa = PBXProject;
			attributes = {
				LastSwiftUpdateCheck = 0720;
				LastUpgradeCheck = 0700;
				ORGANIZATIONNAME = Scoop;
				TargetAttributes = {
					C03D82751B45E649008711CF = {
						CreatedOnToolsVersion = 6.3;
					};
					C03D82801B45E649008711CF = {
						CreatedOnToolsVersion = 6.3;
					};
				};
			};
			buildConfigurationList = C03D82701B45E649008711CF /* Build configuration list for PBXProject "SwiftyRSA" */;
			compatibilityVersion = "Xcode 3.2";
			developmentRegion = English;
			hasScannedForEncodings = 0;
			knownRegions = (
				en,
			);
			mainGroup = C03D826C1B45E649008711CF;
			productRefGroup = C03D82771B45E649008711CF /* Products */;
			projectDirPath = "";
			projectRoot = "";
			targets = (
				C03D82751B45E649008711CF /* SwiftyRSA */,
				C03D82801B45E649008711CF /* SwiftyRSATests */,
			);
		};
/* End PBXProject section */

/* Begin PBXResourcesBuildPhase section */
		C03D82741B45E649008711CF /* Resources */ = {
			isa = PBXResourcesBuildPhase;
			buildActionMask = 2147483647;
			files = (
			);
			runOnlyForDeploymentPostprocessing = 0;
		};
		C03D827F1B45E649008711CF /* Resources */ = {
			isa = PBXResourcesBuildPhase;
			buildActionMask = 2147483647;
			files = (
				C03D829B1B45E886008711CF /* swiftyrsa-public.pem in Resources */,
				C03D82991B45E886008711CF /* swiftyrsa-private.pem in Resources */,
				C0646A481CAF29E000587FF1 /* swiftyrsa-private-headerless.pem in Resources */,
				C03D829A1B45E886008711CF /* swiftyrsa-public.der in Resources */,
				C0646A491CAF29E000587FF1 /* swiftyrsa-public-headerless.pem in Resources */,
			);
			runOnlyForDeploymentPostprocessing = 0;
		};
/* End PBXResourcesBuildPhase section */

/* Begin PBXSourcesBuildPhase section */
		C03D82711B45E649008711CF /* Sources */ = {
			isa = PBXSourcesBuildPhase;
			buildActionMask = 2147483647;
			files = (
				C03D82931B45E663008711CF /* SwiftyRSA.swift in Sources */,
			);
			runOnlyForDeploymentPostprocessing = 0;
		};
		C03D827D1B45E649008711CF /* Sources */ = {
			isa = PBXSourcesBuildPhase;
			buildActionMask = 2147483647;
			files = (
				C01F96141C5AC3E300F232AC /* SwiftyRSAObjcTests.m in Sources */,
				C0646A4B1CAF5A3D00587FF1 /* TestUtils.swift in Sources */,
				C03D82891B45E649008711CF /* SwiftyRSATests.swift in Sources */,
			);
			runOnlyForDeploymentPostprocessing = 0;
		};
/* End PBXSourcesBuildPhase section */

/* Begin PBXTargetDependency section */
		C03D82841B45E649008711CF /* PBXTargetDependency */ = {
			isa = PBXTargetDependency;
			target = C03D82751B45E649008711CF /* SwiftyRSA */;
			targetProxy = C03D82831B45E649008711CF /* PBXContainerItemProxy */;
		};
/* End PBXTargetDependency section */

/* Begin XCBuildConfiguration section */
		C03D828A1B45E649008711CF /* Debug */ = {
			isa = XCBuildConfiguration;
			buildSettings = {
				ALWAYS_SEARCH_USER_PATHS = NO;
				CLANG_CXX_LANGUAGE_STANDARD = "gnu++0x";
				CLANG_CXX_LIBRARY = "libc++";
				CLANG_ENABLE_MODULES = YES;
				CLANG_ENABLE_OBJC_ARC = YES;
				CLANG_WARN_BOOL_CONVERSION = YES;
				CLANG_WARN_CONSTANT_CONVERSION = YES;
				CLANG_WARN_DIRECT_OBJC_ISA_USAGE = YES_ERROR;
				CLANG_WARN_EMPTY_BODY = YES;
				CLANG_WARN_ENUM_CONVERSION = YES;
				CLANG_WARN_INT_CONVERSION = YES;
				CLANG_WARN_OBJC_ROOT_CLASS = YES_ERROR;
				CLANG_WARN_UNREACHABLE_CODE = YES;
				CLANG_WARN__DUPLICATE_METHOD_MATCH = YES;
				"CODE_SIGN_IDENTITY[sdk=iphoneos*]" = "iPhone Developer";
				COPY_PHASE_STRIP = NO;
				CURRENT_PROJECT_VERSION = 1;
				DEBUG_INFORMATION_FORMAT = "dwarf-with-dsym";
				ENABLE_STRICT_OBJC_MSGSEND = YES;
				ENABLE_TESTABILITY = YES;
				GCC_C_LANGUAGE_STANDARD = gnu99;
				GCC_DYNAMIC_NO_PIC = NO;
				GCC_NO_COMMON_BLOCKS = YES;
				GCC_OPTIMIZATION_LEVEL = 0;
				GCC_PREPROCESSOR_DEFINITIONS = (
					"DEBUG=1",
					"$(inherited)",
				);
				GCC_SYMBOLS_PRIVATE_EXTERN = NO;
				GCC_WARN_64_TO_32_BIT_CONVERSION = YES;
				GCC_WARN_ABOUT_RETURN_TYPE = YES_ERROR;
				GCC_WARN_UNDECLARED_SELECTOR = YES;
				GCC_WARN_UNINITIALIZED_AUTOS = YES_AGGRESSIVE;
				GCC_WARN_UNUSED_FUNCTION = YES;
				GCC_WARN_UNUSED_VARIABLE = YES;
				IPHONEOS_DEPLOYMENT_TARGET = 8.3;
				MTL_ENABLE_DEBUG_INFO = YES;
				ONLY_ACTIVE_ARCH = YES;
				SDKROOT = iphoneos;
				SWIFT_OPTIMIZATION_LEVEL = "-Onone";
				TARGETED_DEVICE_FAMILY = "1,2";
				VERSIONING_SYSTEM = "apple-generic";
				VERSION_INFO_PREFIX = "";
			};
			name = Debug;
		};
		C03D828B1B45E649008711CF /* Release */ = {
			isa = XCBuildConfiguration;
			buildSettings = {
				ALWAYS_SEARCH_USER_PATHS = NO;
				CLANG_CXX_LANGUAGE_STANDARD = "gnu++0x";
				CLANG_CXX_LIBRARY = "libc++";
				CLANG_ENABLE_MODULES = YES;
				CLANG_ENABLE_OBJC_ARC = YES;
				CLANG_WARN_BOOL_CONVERSION = YES;
				CLANG_WARN_CONSTANT_CONVERSION = YES;
				CLANG_WARN_DIRECT_OBJC_ISA_USAGE = YES_ERROR;
				CLANG_WARN_EMPTY_BODY = YES;
				CLANG_WARN_ENUM_CONVERSION = YES;
				CLANG_WARN_INT_CONVERSION = YES;
				CLANG_WARN_OBJC_ROOT_CLASS = YES_ERROR;
				CLANG_WARN_UNREACHABLE_CODE = YES;
				CLANG_WARN__DUPLICATE_METHOD_MATCH = YES;
				"CODE_SIGN_IDENTITY[sdk=iphoneos*]" = "iPhone Developer";
				COPY_PHASE_STRIP = NO;
				CURRENT_PROJECT_VERSION = 1;
				DEBUG_INFORMATION_FORMAT = "dwarf-with-dsym";
				ENABLE_NS_ASSERTIONS = NO;
				ENABLE_STRICT_OBJC_MSGSEND = YES;
				GCC_C_LANGUAGE_STANDARD = gnu99;
				GCC_NO_COMMON_BLOCKS = YES;
				GCC_WARN_64_TO_32_BIT_CONVERSION = YES;
				GCC_WARN_ABOUT_RETURN_TYPE = YES_ERROR;
				GCC_WARN_UNDECLARED_SELECTOR = YES;
				GCC_WARN_UNINITIALIZED_AUTOS = YES_AGGRESSIVE;
				GCC_WARN_UNUSED_FUNCTION = YES;
				GCC_WARN_UNUSED_VARIABLE = YES;
				IPHONEOS_DEPLOYMENT_TARGET = 8.3;
				MTL_ENABLE_DEBUG_INFO = NO;
				SDKROOT = iphoneos;
				TARGETED_DEVICE_FAMILY = "1,2";
				VALIDATE_PRODUCT = YES;
				VERSIONING_SYSTEM = "apple-generic";
				VERSION_INFO_PREFIX = "";
			};
			name = Release;
		};
		C03D828D1B45E649008711CF /* Debug */ = {
			isa = XCBuildConfiguration;
			buildSettings = {
				CLANG_ENABLE_MODULES = YES;
				DEFINES_MODULE = YES;
				DYLIB_COMPATIBILITY_VERSION = 1;
				DYLIB_CURRENT_VERSION = 1;
				DYLIB_INSTALL_NAME_BASE = "@rpath";
				INFOPLIST_FILE = SwiftyRSA/Info.plist;
				INSTALL_PATH = "$(LOCAL_LIBRARY_DIR)/Frameworks";
				LD_RUNPATH_SEARCH_PATHS = "$(inherited) @executable_path/Frameworks @loader_path/Frameworks";
				PRODUCT_BUNDLE_IDENTIFIER = "com.takescoop.$(PRODUCT_NAME:rfc1034identifier)";
				PRODUCT_NAME = "$(TARGET_NAME)";
				SKIP_INSTALL = YES;
				SWIFT_OPTIMIZATION_LEVEL = "-Onone";
			};
			name = Debug;
		};
		C03D828E1B45E649008711CF /* Release */ = {
			isa = XCBuildConfiguration;
			buildSettings = {
				CLANG_ENABLE_MODULES = YES;
				DEFINES_MODULE = YES;
				DYLIB_COMPATIBILITY_VERSION = 1;
				DYLIB_CURRENT_VERSION = 1;
				DYLIB_INSTALL_NAME_BASE = "@rpath";
				INFOPLIST_FILE = SwiftyRSA/Info.plist;
				INSTALL_PATH = "$(LOCAL_LIBRARY_DIR)/Frameworks";
				LD_RUNPATH_SEARCH_PATHS = "$(inherited) @executable_path/Frameworks @loader_path/Frameworks";
				PRODUCT_BUNDLE_IDENTIFIER = "com.takescoop.$(PRODUCT_NAME:rfc1034identifier)";
				PRODUCT_NAME = "$(TARGET_NAME)";
				SKIP_INSTALL = YES;
			};
			name = Release;
		};
		C03D82901B45E649008711CF /* Debug */ = {
			isa = XCBuildConfiguration;
			buildSettings = {
				CLANG_ENABLE_MODULES = YES;
				FRAMEWORK_SEARCH_PATHS = (
					"$(DEVELOPER_FRAMEWORKS_DIR)",
					"$(inherited)",
				);
				GCC_PREPROCESSOR_DEFINITIONS = (
					"DEBUG=1",
					"$(inherited)",
				);
				INFOPLIST_FILE = SwiftyRSATests/Info.plist;
				LD_RUNPATH_SEARCH_PATHS = "$(inherited) @executable_path/Frameworks @loader_path/Frameworks";
				PRODUCT_BUNDLE_IDENTIFIER = "com.takescoop.$(PRODUCT_NAME:rfc1034identifier)";
				PRODUCT_NAME = "$(TARGET_NAME)";
				SWIFT_OPTIMIZATION_LEVEL = "-Onone";
			};
			name = Debug;
		};
		C03D82911B45E649008711CF /* Release */ = {
			isa = XCBuildConfiguration;
			buildSettings = {
				CLANG_ENABLE_MODULES = YES;
				FRAMEWORK_SEARCH_PATHS = (
					"$(DEVELOPER_FRAMEWORKS_DIR)",
					"$(inherited)",
				);
				INFOPLIST_FILE = SwiftyRSATests/Info.plist;
				LD_RUNPATH_SEARCH_PATHS = "$(inherited) @executable_path/Frameworks @loader_path/Frameworks";
				PRODUCT_BUNDLE_IDENTIFIER = "com.takescoop.$(PRODUCT_NAME:rfc1034identifier)";
				PRODUCT_NAME = "$(TARGET_NAME)";
			};
			name = Release;
		};
/* End XCBuildConfiguration section */

/* Begin XCConfigurationList section */
		C03D82701B45E649008711CF /* Build configuration list for PBXProject "SwiftyRSA" */ = {
			isa = XCConfigurationList;
			buildConfigurations = (
				C03D828A1B45E649008711CF /* Debug */,
				C03D828B1B45E649008711CF /* Release */,
			);
			defaultConfigurationIsVisible = 0;
			defaultConfigurationName = Release;
		};
		C03D828C1B45E649008711CF /* Build configuration list for PBXNativeTarget "SwiftyRSA" */ = {
			isa = XCConfigurationList;
			buildConfigurations = (
				C03D828D1B45E649008711CF /* Debug */,
				C03D828E1B45E649008711CF /* Release */,
			);
			defaultConfigurationIsVisible = 0;
			defaultConfigurationName = Release;
		};
		C03D828F1B45E649008711CF /* Build configuration list for PBXNativeTarget "SwiftyRSATests" */ = {
			isa = XCConfigurationList;
			buildConfigurations = (
				C03D82901B45E649008711CF /* Debug */,
				C03D82911B45E649008711CF /* Release */,
			);
			defaultConfigurationIsVisible = 0;
			defaultConfigurationName = Release;
		};
/* End XCConfigurationList section */
	};
	rootObject = C03D826D1B45E649008711CF /* Project object */;
}
